
Microsoft Visual Studio Solution File, Format Version 12.00
# Visual Studio Version 17
VisualStudioVersion = 17.13.35828.75 d17.13
MinimumVisualStudioVersion = 10.0.40219.1
Project("{FAE04EC0-301F-11D3-BF4B-00C04F79EFBC}") = "Consumer", "Consumer.csproj", "{4801D15F-D5A9-49AE-AE04-6CE68BA2E480}"
EndProject
Global
	GlobalSection(SolutionConfigurationPlatforms) = preSolution
		Debug|Any CPU = Debug|Any CPU
		Release|Any CPU = Release|Any CPU
	EndGlobalSection
	GlobalSection(ProjectConfigurationPlatforms) = postSolution
		{4801D15F-D5A9-49AE-AE04-6CE68BA2E480}.Debug|Any CPU.ActiveCfg = Debug|Any CPU
		{4801D15F-D5A9-49AE-AE04-6CE68BA2E480}.Debug|Any CPU.Build.0 = Debug|Any CPU
		{4801D15F-D5A9-49AE-AE04-6CE68BA2E480}.Release|Any CPU.ActiveCfg = Release|Any CPU
		{4801D15F-D5A9-49AE-AE04-6CE68BA2E480}.Release|Any CPU.Build.0 = Release|Any CPU
	EndGlobalSection
	GlobalSection(SolutionProperties) = preSolution
		HideSolutionNode = FALSE
	EndGlobalSection
	GlobalSection(ExtensibilityGlobals) = postSolution
		SolutionGuid = {59A1AA3F-0BF7-44E6-A588-B6F9A3B49A51}
	EndGlobalSection
EndGlobal
